
Microsoft Visual Studio Solution File, Format Version 12.00
# Visual Studio Version 16
VisualStudioVersion = 16.0.29905.134
MinimumVisualStudioVersion = 10.0.40219.1
Project("{FAE04EC0-301F-11D3-BF4B-00C04F79EFBC}") = "Matriz1", "Matriz1\Matriz1.csproj", "{8E9BE07F-34BE-44EE-9618-CB16C7FA669C}"
EndProject
Global
	GlobalSection(SolutionConfigurationPlatforms) = preSolution
		Debug|Any CPU = Debug|Any CPU
		Release|Any CPU = Release|Any CPU
	EndGlobalSection
	GlobalSection(ProjectConfigurationPlatforms) = postSolution
		{8E9BE07F-34BE-44EE-9618-CB16C7FA669C}.Debug|Any CPU.ActiveCfg = Debug|Any CPU
		{8E9BE07F-34BE-44EE-9618-CB16C7FA669C}.Debug|Any CPU.Build.0 = Debug|Any CPU
		{8E9BE07F-34BE-44EE-9618-CB16C7FA669C}.Release|Any CPU.ActiveCfg = Release|Any CPU
		{8E9BE07F-34BE-44EE-9618-CB16C7FA669C}.Release|Any CPU.Build.0 = Release|Any CPU
	EndGlobalSection
	GlobalSection(SolutionProperties) = preSolution
		HideSolutionNode = FALSE
	EndGlobalSection
	GlobalSection(ExtensibilityGlobals) = postSolution
		SolutionGuid = {F9202C79-439F-4144-BCD2-3667AB832221}
	EndGlobalSection
EndGlobal
